<?xml version="1.0" encoding="utf-8"?>
<Project ToolsVersion="4.0" xmlns="http://schemas.microsoft.com/developer/msbuild/2003">
  <ItemGroup>
    <ClCompile Include="main.cpp" />
    <ClCompile Include="network\private\tcpClient.cpp">
      <Filter>network\private</Filter>
    </ClCompile>
  </ItemGroup>
  <ItemGroup>
    <Filter Include="stringConversion">
      <UniqueIdentifier>{98630331-8b82-450d-a507-1e7b9e942b4e}</UniqueIdentifier>
    </Filter>
    <Filter Include="dateTime">
      <UniqueIdentifier>{53f5f7c8-11b4-4c45-8fbf-944fc434cb7e}</UniqueIdentifier>
    </Filter>
    <Filter Include="memory">
      <UniqueIdentifier>{ad36347e-859e-47fe-8679-a75664894971}</UniqueIdentifier>
    </Filter>
    <Filter Include="network">
      <UniqueIdentifier>{f5c4db41-c139-43fd-8f65-e2098c21e230}</UniqueIdentifier>
    </Filter>
    <Filter Include="thread">
      <UniqueIdentifier>{799fe819-62f4-4649-8a16-eff822073ae9}</UniqueIdentifier>
    </Filter>
    <Filter Include="network\private">
      <UniqueIdentifier>{6f029258-5e9b-4e10-bd10-3e6a4898bccd}</UniqueIdentifier>
    </Filter>
  </ItemGroup>
  <ItemGroup>
    <ClInclude Include="stringConversion\stringConversion.h">
      <Filter>stringConversion</Filter>
    </ClInclude>
    <ClInclude Include="network\tcpClient.h">
      <Filter>network</Filter>
    </ClInclude>
    <ClInclude Include="includeAll.h" />
  </ItemGroup>
</Project>